
Microsoft Visual Studio Solution File, Format Version 12.00
# Visual Studio Version 17
VisualStudioVersion = 17.0.31903.59
MinimumVisualStudioVersion = 10.0.40219.1
Project("{9A19103F-16F7-4668-BE54-9A1E7A4F7556}") = "AI.Devs.Reloaded.API", "src\AI.Devs.Reloaded.API\AI.Devs.Reloaded.API.csproj", "{C8C1C5FF-9018-4440-A3AA-1D878AC7D50E}"
EndProject
Project("{2150E333-8FDC-42A3-9474-1A3956D46DE8}") = "src", "src", "{0BAB5EF3-DDBB-44F5-A561-125CF76AE983}"
EndProject
Project("{2150E333-8FDC-42A3-9474-1A3956D46DE8}") = "Solution Items", "Solution Items", "{1B0571A2-8E80-46B2-96E8-AAD5563158E8}"
	ProjectSection(SolutionItems) = preProject
		.editorconfig = .editorconfig
		Directory.Build.props = Directory.Build.props
		Directory.Packages.props = Directory.Packages.props
	EndProjectSection
EndProject
Global
	GlobalSection(SolutionConfigurationPlatforms) = preSolution
		Debug|Any CPU = Debug|Any CPU
		Release|Any CPU = Release|Any CPU
	EndGlobalSection
	GlobalSection(ProjectConfigurationPlatforms) = postSolution
		{C8C1C5FF-9018-4440-A3AA-1D878AC7D50E}.Debug|Any CPU.ActiveCfg = Debug|Any CPU
		{C8C1C5FF-9018-4440-A3AA-1D878AC7D50E}.Debug|Any CPU.Build.0 = Debug|Any CPU
		{C8C1C5FF-9018-4440-A3AA-1D878AC7D50E}.Release|Any CPU.ActiveCfg = Release|Any CPU
		{C8C1C5FF-9018-4440-A3AA-1D878AC7D50E}.Release|Any CPU.Build.0 = Release|Any CPU
	EndGlobalSection
	GlobalSection(SolutionProperties) = preSolution
		HideSolutionNode = FALSE
	EndGlobalSection
	GlobalSection(NestedProjects) = preSolution
		{C8C1C5FF-9018-4440-A3AA-1D878AC7D50E} = {0BAB5EF3-DDBB-44F5-A561-125CF76AE983}
	EndGlobalSection
	GlobalSection(ExtensibilityGlobals) = postSolution
		SolutionGuid = {6294063D-A00F-43B0-BE52-49E76A03FC67}
	EndGlobalSection
EndGlobal
